
Microsoft Visual Studio Solution File, Format Version 12.00
# Visual Studio Version 16
VisualStudioVersion = 16.0.30804.86
MinimumVisualStudioVersion = 10.0.40219.1
Project("{FAE04EC0-301F-11D3-BF4B-00C04F79EFBC}") = "melodeon-api-v2", "melodeon-api-v2.csproj", "{386CF5FC-74F2-4EF4-B493-9FC50D622A4A}"
EndProject
Global
	GlobalSection(SolutionConfigurationPlatforms) = preSolution
		Debug|Any CPU = Debug|Any CPU
		Release|Any CPU = Release|Any CPU
	EndGlobalSection
	GlobalSection(ProjectConfigurationPlatforms) = postSolution
		{386CF5FC-74F2-4EF4-B493-9FC50D622A4A}.Debug|Any CPU.ActiveCfg = Debug|Any CPU
		{386CF5FC-74F2-4EF4-B493-9FC50D622A4A}.Debug|Any CPU.Build.0 = Debug|Any CPU
		{386CF5FC-74F2-4EF4-B493-9FC50D622A4A}.Release|Any CPU.ActiveCfg = Release|Any CPU
		{386CF5FC-74F2-4EF4-B493-9FC50D622A4A}.Release|Any CPU.Build.0 = Release|Any CPU
	EndGlobalSection
	GlobalSection(SolutionProperties) = preSolution
		HideSolutionNode = FALSE
	EndGlobalSection
	GlobalSection(ExtensibilityGlobals) = postSolution
		SolutionGuid = {8C3FBA49-7CF7-47A7-AF67-58DD8B23EE64}
	EndGlobalSection
EndGlobal
